
Microsoft Visual Studio Solution File, Format Version 12.00
# Visual Studio Version 16
VisualStudioVersion = 16.0.31410.357
MinimumVisualStudioVersion = 10.0.40219.1
Project("{9A19103F-16F7-4668-BE54-9A1E7A4F7556}") = "cms", "cms.csproj", "{CC8ACE88-15BB-4E9A-9E15-80E3CFAEEF45}"
EndProject
Global
	GlobalSection(SolutionConfigurationPlatforms) = preSolution
		Debug|Any CPU = Debug|Any CPU
		Release|Any CPU = Release|Any CPU
	EndGlobalSection
	GlobalSection(ProjectConfigurationPlatforms) = postSolution
		{CC8ACE88-15BB-4E9A-9E15-80E3CFAEEF45}.Debug|Any CPU.ActiveCfg = Debug|Any CPU
		{CC8ACE88-15BB-4E9A-9E15-80E3CFAEEF45}.Debug|Any CPU.Build.0 = Debug|Any CPU
		{CC8ACE88-15BB-4E9A-9E15-80E3CFAEEF45}.Release|Any CPU.ActiveCfg = Release|Any CPU
		{CC8ACE88-15BB-4E9A-9E15-80E3CFAEEF45}.Release|Any CPU.Build.0 = Release|Any CPU
	EndGlobalSection
	GlobalSection(SolutionProperties) = preSolution
		HideSolutionNode = FALSE
	EndGlobalSection
	GlobalSection(ExtensibilityGlobals) = postSolution
		SolutionGuid = {6E349B41-F7CA-4D06-ACCA-8AC7E36609D4}
	EndGlobalSection
EndGlobal
