
Microsoft Visual Studio Solution File, Format Version 12.00
# Visual Studio Version 16
VisualStudioVersion = 16.0.31410.357
MinimumVisualStudioVersion = 10.0.40219.1
Project("{9A19103F-16F7-4668-BE54-9A1E7A4F7556}") = "api", "api.csproj", "{6E8B836F-C495-4A87-B496-A0252CB122E6}"
EndProject
Global
	GlobalSection(SolutionConfigurationPlatforms) = preSolution
		Debug|Any CPU = Debug|Any CPU
		Release|Any CPU = Release|Any CPU
	EndGlobalSection
	GlobalSection(ProjectConfigurationPlatforms) = postSolution
		{6E8B836F-C495-4A87-B496-A0252CB122E6}.Debug|Any CPU.ActiveCfg = Debug|Any CPU
		{6E8B836F-C495-4A87-B496-A0252CB122E6}.Debug|Any CPU.Build.0 = Debug|Any CPU
		{6E8B836F-C495-4A87-B496-A0252CB122E6}.Release|Any CPU.ActiveCfg = Release|Any CPU
		{6E8B836F-C495-4A87-B496-A0252CB122E6}.Release|Any CPU.Build.0 = Release|Any CPU
	EndGlobalSection
	GlobalSection(SolutionProperties) = preSolution
		HideSolutionNode = FALSE
	EndGlobalSection
	GlobalSection(ExtensibilityGlobals) = postSolution
		SolutionGuid = {AEFAAECE-B840-434F-A377-B0BA2467FED0}
	EndGlobalSection
EndGlobal
